
Microsoft Visual Studio Solution File, Format Version 12.00
# Visual Studio Version 16
VisualStudioVersion = 16.0.29411.108
MinimumVisualStudioVersion = 10.0.40219.1
Project("{8BC9CEB8-8B4A-11D0-8D11-00A0C91BC942}") = "OkOrNotOk", "OkOrNotOk\OkOrNotOk.vcxproj", "{BE8B836E-E899-44EA-A089-5E57CEEEF079}"
EndProject
Global
	GlobalSection(SolutionConfigurationPlatforms) = preSolution
		Debug|x64 = Debug|x64
		Debug|x86 = Debug|x86
		Release|x64 = Release|x64
		Release|x86 = Release|x86
	EndGlobalSection
	GlobalSection(ProjectConfigurationPlatforms) = postSolution
		{BE8B836E-E899-44EA-A089-5E57CEEEF079}.Debug|x64.ActiveCfg = Debug|x64
		{BE8B836E-E899-44EA-A089-5E57CEEEF079}.Debug|x64.Build.0 = Debug|x64
		{BE8B836E-E899-44EA-A089-5E57CEEEF079}.Debug|x86.ActiveCfg = Debug|Win32
		{BE8B836E-E899-44EA-A089-5E57CEEEF079}.Debug|x86.Build.0 = Debug|Win32
		{BE8B836E-E899-44EA-A089-5E57CEEEF079}.Release|x64.ActiveCfg = Release|x64
		{BE8B836E-E899-44EA-A089-5E57CEEEF079}.Release|x64.Build.0 = Release|x64
		{BE8B836E-E899-44EA-A089-5E57CEEEF079}.Release|x86.ActiveCfg = Release|Win32
		{BE8B836E-E899-44EA-A089-5E57CEEEF079}.Release|x86.Build.0 = Release|Win32
	EndGlobalSection
	GlobalSection(SolutionProperties) = preSolution
		HideSolutionNode = FALSE
	EndGlobalSection
	GlobalSection(ExtensibilityGlobals) = postSolution
		SolutionGuid = {5F72C1C4-1663-4385-9870-C3F1D0A5F9A3}
	EndGlobalSection
EndGlobal
